
Microsoft Visual Studio Solution File, Format Version 12.00
# Visual Studio Version 17
VisualStudioVersion = 17.4.33122.133
MinimumVisualStudioVersion = 10.0.40219.1
Project("{FAE04EC0-301F-11D3-BF4B-00C04F79EFBC}") = "rentacar_ASP.NET", "rentacar_ASP.NET\rentacar_ASP.NET.csproj", "{385193F3-A757-4F80-B9DC-0DE996D61949}"
EndProject
Global
	GlobalSection(SolutionConfigurationPlatforms) = preSolution
		Debug|Any CPU = Debug|Any CPU
		Release|Any CPU = Release|Any CPU
	EndGlobalSection
	GlobalSection(ProjectConfigurationPlatforms) = postSolution
		{385193F3-A757-4F80-B9DC-0DE996D61949}.Debug|Any CPU.ActiveCfg = Debug|Any CPU
		{385193F3-A757-4F80-B9DC-0DE996D61949}.Debug|Any CPU.Build.0 = Debug|Any CPU
		{385193F3-A757-4F80-B9DC-0DE996D61949}.Release|Any CPU.ActiveCfg = Release|Any CPU
		{385193F3-A757-4F80-B9DC-0DE996D61949}.Release|Any CPU.Build.0 = Release|Any CPU
	EndGlobalSection
	GlobalSection(SolutionProperties) = preSolution
		HideSolutionNode = FALSE
	EndGlobalSection
	GlobalSection(ExtensibilityGlobals) = postSolution
		SolutionGuid = {0A9384DA-54B9-4991-821B-4B9D3F1EA0FF}
	EndGlobalSection
EndGlobal
